
Microsoft Visual Studio Solution File, Format Version 12.00
# Visual Studio 15
VisualStudioVersion = 15.0.27130.2010
MinimumVisualStudioVersion = 10.0.40219.1
Project("{FAE04EC0-301F-11D3-BF4B-00C04F79EFBC}") = "InstagramDownloaderV2", "InstagramDownloaderV2\InstagramDownloaderV2.csproj", "{AC5F306F-D996-45DC-A003-4C94C4F21087}"
EndProject
Global
	GlobalSection(SolutionConfigurationPlatforms) = preSolution
		Debug|Any CPU = Debug|Any CPU
		Release|Any CPU = Release|Any CPU
	EndGlobalSection
	GlobalSection(ProjectConfigurationPlatforms) = postSolution
		{AC5F306F-D996-45DC-A003-4C94C4F21087}.Debug|Any CPU.ActiveCfg = Debug|Any CPU
		{AC5F306F-D996-45DC-A003-4C94C4F21087}.Debug|Any CPU.Build.0 = Debug|Any CPU
		{AC5F306F-D996-45DC-A003-4C94C4F21087}.Release|Any CPU.ActiveCfg = Release|Any CPU
		{AC5F306F-D996-45DC-A003-4C94C4F21087}.Release|Any CPU.Build.0 = Release|Any CPU
	EndGlobalSection
	GlobalSection(SolutionProperties) = preSolution
		HideSolutionNode = FALSE
	EndGlobalSection
	GlobalSection(ExtensibilityGlobals) = postSolution
		SolutionGuid = {DFCBE1F3-3236-4A30-9EE0-F952F6CDA72C}
	EndGlobalSection
EndGlobal
